
Microsoft Visual Studio Solution File, Format Version 12.00
Project("{FAE04EC0-301F-11D3-BF4B-00C04F79EFBC}") = "EventBroker", "EventBroker.csproj", "{E26D51A4-C10C-49B5-A3D7-187AE9C922D7}"
EndProject
Project("{FAE04EC0-301F-11D3-BF4B-00C04F79EFBC}") = "IBrokerEvents", "IBrokerEvents\IBrokerEvents.csproj", "{8AB4A4AF-5220-465D-8B8B-6229F20FB80B}"
EndProject
Global
	GlobalSection(SolutionConfigurationPlatforms) = preSolution
		Debug|Any CPU = Debug|Any CPU
		Release|Any CPU = Release|Any CPU
	EndGlobalSection
	GlobalSection(ProjectConfigurationPlatforms) = postSolution
		{E26D51A4-C10C-49B5-A3D7-187AE9C922D7}.Debug|Any CPU.ActiveCfg = Debug|Any CPU
		{E26D51A4-C10C-49B5-A3D7-187AE9C922D7}.Debug|Any CPU.Build.0 = Debug|Any CPU
		{E26D51A4-C10C-49B5-A3D7-187AE9C922D7}.Release|Any CPU.ActiveCfg = Release|Any CPU
		{E26D51A4-C10C-49B5-A3D7-187AE9C922D7}.Release|Any CPU.Build.0 = Release|Any CPU
		{8AB4A4AF-5220-465D-8B8B-6229F20FB80B}.Debug|Any CPU.ActiveCfg = Debug|Any CPU
		{8AB4A4AF-5220-465D-8B8B-6229F20FB80B}.Debug|Any CPU.Build.0 = Debug|Any CPU
		{8AB4A4AF-5220-465D-8B8B-6229F20FB80B}.Release|Any CPU.ActiveCfg = Release|Any CPU
		{8AB4A4AF-5220-465D-8B8B-6229F20FB80B}.Release|Any CPU.Build.0 = Release|Any CPU
	EndGlobalSection
EndGlobal
